// !$*UTF8*$!
{
	archiveVersion = 1;
	classes = {
	};
	objectVersion = 50;
	objects = {

/* Begin PBXBuildFile section */
		397B52BE26CBB01700407AF7 /* AppDelegate.swift in Sources */ = {isa = PBXBuildFile; fileRef = 397B52BD26CBB01700407AF7 /* AppDelegate.swift */; };
		397B52C026CBB01700407AF7 /* SceneDelegate.swift in Sources */ = {isa = PBXBuildFile; fileRef = 397B52BF26CBB01700407AF7 /* SceneDelegate.swift */; };
		397B52C226CBB01700407AF7 /* ViewController.swift in Sources */ = {isa = PBXBuildFile; fileRef = 397B52C126CBB01700407AF7 /* ViewController.swift */; };
		397B52C526CBB01700407AF7 /* Main.storyboard in Resources */ = {isa = PBXBuildFile; fileRef = 397B52C326CBB01700407AF7 /* Main.storyboard */; };
		397B52C726CBB01800407AF7 /* Assets.xcassets in Resources */ = {isa = PBXBuildFile; fileRef = 397B52C626CBB01800407AF7 /* Assets.xcassets */; };
		397B52CA26CBB01800407AF7 /* LaunchScreen.storyboard in Resources */ = {isa = PBXBuildFile; fileRef = 397B52C826CBB01800407AF7 /* LaunchScreen.storyboard */; };
		397B52D526CBB01800407AF7 /* MonBaluchonAppTests.swift in Sources */ = {isa = PBXBuildFile; fileRef = 397B52D426CBB01800407AF7 /* MonBaluchonAppTests.swift */; };
		397B52E026CBB01800407AF7 /* MonBaluchonAppUITests.swift in Sources */ = {isa = PBXBuildFile; fileRef = 397B52DF26CBB01800407AF7 /* MonBaluchonAppUITests.swift */; };
/* End PBXBuildFile section */

/* Begin PBXContainerItemProxy section */
		397B52D126CBB01800407AF7 /* PBXContainerItemProxy */ = {
			isa = PBXContainerItemProxy;
			containerPortal = 397B52B226CBB01700407AF7 /* Project object */;
			proxyType = 1;
			remoteGlobalIDString = 397B52B926CBB01700407AF7;
			remoteInfo = MonBaluchonApp;
		};
		397B52DC26CBB01800407AF7 /* PBXContainerItemProxy */ = {
			isa = PBXContainerItemProxy;
			containerPortal = 397B52B226CBB01700407AF7 /* Project object */;
			proxyType = 1;
			remoteGlobalIDString = 397B52B926CBB01700407AF7;
			remoteInfo = MonBaluchonApp;
		};
/* End PBXContainerItemProxy section */

/* Begin PBXFileReference section */
		397B52BA26CBB01700407AF7 /* MonBaluchonApp.app */ = {isa = PBXFileReference; explicitFileType = wrapper.application; includeInIndex = 0; path = MonBaluchonApp.app; sourceTree = BUILT_PRODUCTS_DIR; };
		397B52BD26CBB01700407AF7 /* AppDelegate.swift */ = {isa = PBXFileReference; lastKnownFileType = sourcecode.swift; path = AppDelegate.swift; sourceTree = "<group>"; };
		397B52BF26CBB01700407AF7 /* SceneDelegate.swift */ = {isa = PBXFileReference; lastKnownFileType = sourcecode.swift; path = SceneDelegate.swift; sourceTree = "<group>"; };
		397B52C126CBB01700407AF7 /* ViewController.swift */ = {isa = PBXFileReference; lastKnownFileType = sourcecode.swift; path = ViewController.swift; sourceTree = "<group>"; };
		397B52C426CBB01700407AF7 /* Base */ = {isa = PBXFileReference; lastKnownFileType = file.storyboard; name = Base; path = Base.lproj/Main.storyboard; sourceTree = "<group>"; };
		397B52C626CBB01800407AF7 /* Assets.xcassets */ = {isa = PBXFileReference; lastKnownFileType = folder.assetcatalog; path = Assets.xcassets; sourceTree = "<group>"; };
		397B52C926CBB01800407AF7 /* Base */ = {isa = PBXFileReference; lastKnownFileType = file.storyboard; name = Base; path = Base.lproj/LaunchScreen.storyboard; sourceTree = "<group>"; };
		397B52CB26CBB01800407AF7 /* Info.plist */ = {isa = PBXFileReference; lastKnownFileType = text.plist.xml; path = Info.plist; sourceTree = "<group>"; };
		397B52D026CBB01800407AF7 /* MonBaluchonAppTests.xctest */ = {isa = PBXFileReference; explicitFileType = wrapper.cfbundle; includeInIndex = 0; path = MonBaluchonAppTests.xctest; sourceTree = BUILT_PRODUCTS_DIR; };
		397B52D426CBB01800407AF7 /* MonBaluchonAppTests.swift */ = {isa = PBXFileReference; lastKnownFileType = sourcecode.swift; path = MonBaluchonAppTests.swift; sourceTree = "<group>"; };
		397B52D626CBB01800407AF7 /* Info.plist */ = {isa = PBXFileReference; lastKnownFileType = text.plist.xml; path = Info.plist; sourceTree = "<group>"; };
		397B52DB26CBB01800407AF7 /* MonBaluchonAppUITests.xctest */ = {isa = PBXFileReference; explicitFileType = wrapper.cfbundle; includeInIndex = 0; path = MonBaluchonAppUITests.xctest; sourceTree = BUILT_PRODUCTS_DIR; };
		397B52DF26CBB01800407AF7 /* MonBaluchonAppUITests.swift */ = {isa = PBXFileReference; lastKnownFileType = sourcecode.swift; path = MonBaluchonAppUITests.swift; sourceTree = "<group>"; };
		397B52E126CBB01800407AF7 /* Info.plist */ = {isa = PBXFileReference; lastKnownFileType = text.plist.xml; path = Info.plist; sourceTree = "<group>"; };
/* End PBXFileReference section */

/* Begin PBXFrameworksBuildPhase section */
		397B52B726CBB01700407AF7 /* Frameworks */ = {
			isa = PBXFrameworksBuildPhase;
			buildActionMask = 2147483647;
			files = (
			);
			runOnlyForDeploymentPostprocessing = 0;
		};
		397B52CD26CBB01800407AF7 /* Frameworks */ = {
			isa = PBXFrameworksBuildPhase;
			buildActionMask = 2147483647;
			files = (
			);
			runOnlyForDeploymentPostprocessing = 0;
		};
		397B52D826CBB01800407AF7 /* Frameworks */ = {
			isa = PBXFrameworksBuildPhase;
			buildActionMask = 2147483647;
			files = (
			);
			runOnlyForDeploymentPostprocessing = 0;
		};
/* End PBXFrameworksBuildPhase section */

/* Begin PBXGroup section */
		397B52B126CBB01700407AF7 = {
			isa = PBXGroup;
			children = (
				397B52BC26CBB01700407AF7 /* MonBaluchonApp */,
				397B52D326CBB01800407AF7 /* MonBaluchonAppTests */,
				397B52DE26CBB01800407AF7 /* MonBaluchonAppUITests */,
				397B52BB26CBB01700407AF7 /* Products */,
			);
			sourceTree = "<group>";
		};
		397B52BB26CBB01700407AF7 /* Products */ = {
			isa = PBXGroup;
			children = (
				397B52BA26CBB01700407AF7 /* MonBaluchonApp.app */,
				397B52D026CBB01800407AF7 /* MonBaluchonAppTests.xctest */,
				397B52DB26CBB01800407AF7 /* MonBaluchonAppUITests.xctest */,
			);
			name = Products;
			sourceTree = "<group>";
		};
		397B52BC26CBB01700407AF7 /* MonBaluchonApp */ = {
			isa = PBXGroup;
			children = (
				397B52BD26CBB01700407AF7 /* AppDelegate.swift */,
				397B52BF26CBB01700407AF7 /* SceneDelegate.swift */,
				397B52C126CBB01700407AF7 /* ViewController.swift */,
				397B52C326CBB01700407AF7 /* Main.storyboard */,
				397B52C626CBB01800407AF7 /* Assets.xcassets */,
				397B52C826CBB01800407AF7 /* LaunchScreen.storyboard */,
				397B52CB26CBB01800407AF7 /* Info.plist */,
			);
			path = MonBaluchonApp;
			sourceTree = "<group>";
		};
		397B52D326CBB01800407AF7 /* MonBaluchonAppTests */ = {
			isa = PBXGroup;
			children = (
				397B52D426CBB01800407AF7 /* MonBaluchonAppTests.swift */,
				397B52D626CBB01800407AF7 /* Info.plist */,
			);
			path = MonBaluchonAppTests;
			sourceTree = "<group>";
		};
		397B52DE26CBB01800407AF7 /* MonBaluchonAppUITests */ = {
			isa = PBXGroup;
			children = (
				397B52DF26CBB01800407AF7 /* MonBaluchonAppUITests.swift */,
				397B52E126CBB01800407AF7 /* Info.plist */,
			);
			path = MonBaluchonAppUITests;
			sourceTree = "<group>";
		};
/* End PBXGroup section */

/* Begin PBXNativeTarget section */
		397B52B926CBB01700407AF7 /* MonBaluchonApp */ = {
			isa = PBXNativeTarget;
			buildConfigurationList = 397B52E426CBB01800407AF7 /* Build configuration list for PBXNativeTarget "MonBaluchonApp" */;
			buildPhases = (
				397B52B626CBB01700407AF7 /* Sources */,
				397B52B726CBB01700407AF7 /* Frameworks */,
				397B52B826CBB01700407AF7 /* Resources */,
			);
			buildRules = (
			);
			dependencies = (
			);
			name = MonBaluchonApp;
			productName = MonBaluchonApp;
			productReference = 397B52BA26CBB01700407AF7 /* MonBaluchonApp.app */;
			productType = "com.apple.product-type.application";
		};
		397B52CF26CBB01800407AF7 /* MonBaluchonAppTests */ = {
			isa = PBXNativeTarget;
			buildConfigurationList = 397B52E726CBB01800407AF7 /* Build configuration list for PBXNativeTarget "MonBaluchonAppTests" */;
			buildPhases = (
				397B52CC26CBB01800407AF7 /* Sources */,
				397B52CD26CBB01800407AF7 /* Frameworks */,
				397B52CE26CBB01800407AF7 /* Resources */,
			);
			buildRules = (
			);
			dependencies = (
				397B52D226CBB01800407AF7 /* PBXTargetDependency */,
			);
			name = MonBaluchonAppTests;
			productName = MonBaluchonAppTests;
			productReference = 397B52D026CBB01800407AF7 /* MonBaluchonAppTests.xctest */;
			productType = "com.apple.product-type.bundle.unit-test";
		};
		397B52DA26CBB01800407AF7 /* MonBaluchonAppUITests */ = {
			isa = PBXNativeTarget;
			buildConfigurationList = 397B52EA26CBB01800407AF7 /* Build configuration list for PBXNativeTarget "MonBaluchonAppUITests" */;
			buildPhases = (
				397B52D726CBB01800407AF7 /* Sources */,
				397B52D826CBB01800407AF7 /* Frameworks */,
				397B52D926CBB01800407AF7 /* Resources */,
			);
			buildRules = (
			);
			dependencies = (
				397B52DD26CBB01800407AF7 /* PBXTargetDependency */,
			);
			name = MonBaluchonAppUITests;
			productName = MonBaluchonAppUITests;
			productReference = 397B52DB26CBB01800407AF7 /* MonBaluchonAppUITests.xctest */;
			productType = "com.apple.product-type.bundle.ui-testing";
		};
/* End PBXNativeTarget section */

/* Begin PBXProject section */
		397B52B226CBB01700407AF7 /* Project object */ = {
			isa = PBXProject;
			attributes = {
				LastSwiftUpdateCheck = 1250;
				LastUpgradeCheck = 1250;
				TargetAttributes = {
					397B52B926CBB01700407AF7 = {
						CreatedOnToolsVersion = 12.5.1;
					};
					397B52CF26CBB01800407AF7 = {
						CreatedOnToolsVersion = 12.5.1;
						TestTargetID = 397B52B926CBB01700407AF7;
					};
					397B52DA26CBB01800407AF7 = {
						CreatedOnToolsVersion = 12.5.1;
						TestTargetID = 397B52B926CBB01700407AF7;
					};
				};
			};
			buildConfigurationList = 397B52B526CBB01700407AF7 /* Build configuration list for PBXProject "MonBaluchonApp" */;
			compatibilityVersion = "Xcode 9.3";
			developmentRegion = en;
			hasScannedForEncodings = 0;
			knownRegions = (
				en,
				Base,
			);
			mainGroup = 397B52B126CBB01700407AF7;
			productRefGroup = 397B52BB26CBB01700407AF7 /* Products */;
			projectDirPath = "";
			projectRoot = "";
			targets = (
				397B52B926CBB01700407AF7 /* MonBaluchonApp */,
				397B52CF26CBB01800407AF7 /* MonBaluchonAppTests */,
				397B52DA26CBB01800407AF7 /* MonBaluchonAppUITests */,
			);
		};
/* End PBXProject section */

/* Begin PBXResourcesBuildPhase section */
		397B52B826CBB01700407AF7 /* Resources */ = {
			isa = PBXResourcesBuildPhase;
			buildActionMask = 2147483647;
			files = (
				397B52CA26CBB01800407AF7 /* LaunchScreen.storyboard in Resources */,
				397B52C726CBB01800407AF7 /* Assets.xcassets in Resources */,
				397B52C526CBB01700407AF7 /* Main.storyboard in Resources */,
			);
			runOnlyForDeploymentPostprocessing = 0;
		};
		397B52CE26CBB01800407AF7 /* Resources */ = {
			isa = PBXResourcesBuildPhase;
			buildActionMask = 2147483647;
			files = (
			);
			runOnlyForDeploymentPostprocessing = 0;
		};
		397B52D926CBB01800407AF7 /* Resources */ = {
			isa = PBXResourcesBuildPhase;
			buildActionMask = 2147483647;
			files = (
			);
			runOnlyForDeploymentPostprocessing = 0;
		};
/* End PBXResourcesBuildPhase section */

/* Begin PBXSourcesBuildPhase section */
		397B52B626CBB01700407AF7 /* Sources */ = {
			isa = PBXSourcesBuildPhase;
			buildActionMask = 2147483647;
			files = (
				397B52C226CBB01700407AF7 /* ViewController.swift in Sources */,
				397B52BE26CBB01700407AF7 /* AppDelegate.swift in Sources */,
				397B52C026CBB01700407AF7 /* SceneDelegate.swift in Sources */,
			);
			runOnlyForDeploymentPostprocessing = 0;
		};
		397B52CC26CBB01800407AF7 /* Sources */ = {
			isa = PBXSourcesBuildPhase;
			buildActionMask = 2147483647;
			files = (
				397B52D526CBB01800407AF7 /* MonBaluchonAppTests.swift in Sources */,
			);
			runOnlyForDeploymentPostprocessing = 0;
		};
		397B52D726CBB01800407AF7 /* Sources */ = {
			isa = PBXSourcesBuildPhase;
			buildActionMask = 2147483647;
			files = (
				397B52E026CBB01800407AF7 /* MonBaluchonAppUITests.swift in Sources */,
			);
			runOnlyForDeploymentPostprocessing = 0;
		};
/* End PBXSourcesBuildPhase section */

/* Begin PBXTargetDependency section */
		397B52D226CBB01800407AF7 /* PBXTargetDependency */ = {
			isa = PBXTargetDependency;
			target = 397B52B926CBB01700407AF7 /* MonBaluchonApp */;
			targetProxy = 397B52D126CBB01800407AF7 /* PBXContainerItemProxy */;
		};
		397B52DD26CBB01800407AF7 /* PBXTargetDependency */ = {
			isa = PBXTargetDependency;
			target = 397B52B926CBB01700407AF7 /* MonBaluchonApp */;
			targetProxy = 397B52DC26CBB01800407AF7 /* PBXContainerItemProxy */;
		};
/* End PBXTargetDependency section */

/* Begin PBXVariantGroup section */
		397B52C326CBB01700407AF7 /* Main.storyboard */ = {
			isa = PBXVariantGroup;
			children = (
				397B52C426CBB01700407AF7 /* Base */,
			);
			name = Main.storyboard;
			sourceTree = "<group>";
		};
		397B52C826CBB01800407AF7 /* LaunchScreen.storyboard */ = {
			isa = PBXVariantGroup;
			children = (
				397B52C926CBB01800407AF7 /* Base */,
			);
			name = LaunchScreen.storyboard;
			sourceTree = "<group>";
		};
/* End PBXVariantGroup section */

/* Begin XCBuildConfiguration section */
		397B52E226CBB01800407AF7 /* Debug */ = {
			isa = XCBuildConfiguration;
			buildSettings = {
				ALWAYS_SEARCH_USER_PATHS = NO;
				CLANG_ANALYZER_NONNULL = YES;
				CLANG_ANALYZER_NUMBER_OBJECT_CONVERSION = YES_AGGRESSIVE;
				CLANG_CXX_LANGUAGE_STANDARD = "gnu++14";
				CLANG_CXX_LIBRARY = "libc++";
				CLANG_ENABLE_MODULES = YES;
				CLANG_ENABLE_OBJC_ARC = YES;
				CLANG_ENABLE_OBJC_WEAK = YES;
				CLANG_WARN_BLOCK_CAPTURE_AUTORELEASING = YES;
				CLANG_WARN_BOOL_CONVERSION = YES;
				CLANG_WARN_COMMA = YES;
				CLANG_WARN_CONSTANT_CONVERSION = YES;
				CLANG_WARN_DEPRECATED_OBJC_IMPLEMENTATIONS = YES;
				CLANG_WARN_DIRECT_OBJC_ISA_USAGE = YES_ERROR;
				CLANG_WARN_DOCUMENTATION_COMMENTS = YES;
				CLANG_WARN_EMPTY_BODY = YES;
				CLANG_WARN_ENUM_CONVERSION = YES;
				CLANG_WARN_INFINITE_RECURSION = YES;
				CLANG_WARN_INT_CONVERSION = YES;
				CLANG_WARN_NON_LITERAL_NULL_CONVERSION = YES;
				CLANG_WARN_OBJC_IMPLICIT_RETAIN_SELF = YES;
				CLANG_WARN_OBJC_LITERAL_CONVERSION = YES;
				CLANG_WARN_OBJC_ROOT_CLASS = YES_ERROR;
				CLANG_WARN_QUOTED_INCLUDE_IN_FRAMEWORK_HEADER = YES;
				CLANG_WARN_RANGE_LOOP_ANALYSIS = YES;
				CLANG_WARN_STRICT_PROTOTYPES = YES;
				CLANG_WARN_SUSPICIOUS_MOVE = YES;
				CLANG_WARN_UNGUARDED_AVAILABILITY = YES_AGGRESSIVE;
				CLANG_WARN_UNREACHABLE_CODE = YES;
				CLANG_WARN__DUPLICATE_METHOD_MATCH = YES;
				COPY_PHASE_STRIP = NO;
				DEBUG_INFORMATION_FORMAT = dwarf;
				ENABLE_STRICT_OBJC_MSGSEND = YES;
				ENABLE_TESTABILITY = YES;
				GCC_C_LANGUAGE_STANDARD = gnu11;
				GCC_DYNAMIC_NO_PIC = NO;
				GCC_NO_COMMON_BLOCKS = YES;
				GCC_OPTIMIZATION_LEVEL = 0;
				GCC_PREPROCESSOR_DEFINITIONS = (
					"DEBUG=1",
					"$(inherited)",
				);
				GCC_WARN_64_TO_32_BIT_CONVERSION = YES;
				GCC_WARN_ABOUT_RETURN_TYPE = YES_ERROR;
				GCC_WARN_UNDECLARED_SELECTOR = YES;
				GCC_WARN_UNINITIALIZED_AUTOS = YES_AGGRESSIVE;
				GCC_WARN_UNUSED_FUNCTION = YES;
				GCC_WARN_UNUSED_VARIABLE = YES;
				IPHONEOS_DEPLOYMENT_TARGET = 14.5;
				MTL_ENABLE_DEBUG_INFO = INCLUDE_SOURCE;
				MTL_FAST_MATH = YES;
				ONLY_ACTIVE_ARCH = YES;
				SDKROOT = iphoneos;
				SWIFT_ACTIVE_COMPILATION_CONDITIONS = DEBUG;
				SWIFT_OPTIMIZATION_LEVEL = "-Onone";
			};
			name = Debug;
		};
		397B52E326CBB01800407AF7 /* Release */ = {
			isa = XCBuildConfiguration;
			buildSettings = {
				ALWAYS_SEARCH_USER_PATHS = NO;
				CLANG_ANALYZER_NONNULL = YES;
				CLANG_ANALYZER_NUMBER_OBJECT_CONVERSION = YES_AGGRESSIVE;
				CLANG_CXX_LANGUAGE_STANDARD = "gnu++14";
				CLANG_CXX_LIBRARY = "libc++";
				CLANG_ENABLE_MODULES = YES;
				CLANG_ENABLE_OBJC_ARC = YES;
				CLANG_ENABLE_OBJC_WEAK = YES;
				CLANG_WARN_BLOCK_CAPTURE_AUTORELEASING = YES;
				CLANG_WARN_BOOL_CONVERSION = YES;
				CLANG_WARN_COMMA = YES;
				CLANG_WARN_CONSTANT_CONVERSION = YES;
				CLANG_WARN_DEPRECATED_OBJC_IMPLEMENTATIONS = YES;
				CLANG_WARN_DIRECT_OBJC_ISA_USAGE = YES_ERROR;
				CLANG_WARN_DOCUMENTATION_COMMENTS = YES;
				CLANG_WARN_EMPTY_BODY = YES;
				CLANG_WARN_ENUM_CONVERSION = YES;
				CLANG_WARN_INFINITE_RECURSION = YES;
				CLANG_WARN_INT_CONVERSION = YES;
				CLANG_WARN_NON_LITERAL_NULL_CONVERSION = YES;
				CLANG_WARN_OBJC_IMPLICIT_RETAIN_SELF = YES;
				CLANG_WARN_OBJC_LITERAL_CONVERSION = YES;
				CLANG_WARN_OBJC_ROOT_CLASS = YES_ERROR;
				CLANG_WARN_QUOTED_INCLUDE_IN_FRAMEWORK_HEADER = YES;
				CLANG_WARN_RANGE_LOOP_ANALYSIS = YES;
				CLANG_WARN_STRICT_PROTOTYPES = YES;
				CLANG_WARN_SUSPICIOUS_MOVE = YES;
				CLANG_WARN_UNGUARDED_AVAILABILITY = YES_AGGRESSIVE;
				CLANG_WARN_UNREACHABLE_CODE = YES;
				CLANG_WARN__DUPLICATE_METHOD_MATCH = YES;
				COPY_PHASE_STRIP = NO;
				DEBUG_INFORMATION_FORMAT = "dwarf-with-dsym";
				ENABLE_NS_ASSERTIONS = NO;
				ENABLE_STRICT_OBJC_MSGSEND = YES;
				GCC_C_LANGUAGE_STANDARD = gnu11;
				GCC_NO_COMMON_BLOCKS = YES;
				GCC_WARN_64_TO_32_BIT_CONVERSION = YES;
				GCC_WARN_ABOUT_RETURN_TYPE = YES_ERROR;
				GCC_WARN_UNDECLARED_SELECTOR = YES;
				GCC_WARN_UNINITIALIZED_AUTOS = YES_AGGRESSIVE;
				GCC_WARN_UNUSED_FUNCTION = YES;
				GCC_WARN_UNUSED_VARIABLE = YES;
				IPHONEOS_DEPLOYMENT_TARGET = 14.5;
				MTL_ENABLE_DEBUG_INFO = NO;
				MTL_FAST_MATH = YES;
				SDKROOT = iphoneos;
				SWIFT_COMPILATION_MODE = wholemodule;
				SWIFT_OPTIMIZATION_LEVEL = "-O";
				VALIDATE_PRODUCT = YES;
			};
			name = Release;
		};
		397B52E526CBB01800407AF7 /* Debug */ = {
			isa = XCBuildConfiguration;
			buildSettings = {
				ASSETCATALOG_COMPILER_APPICON_NAME = AppIcon;
				ASSETCATALOG_COMPILER_GLOBAL_ACCENT_COLOR_NAME = AccentColor;
				CODE_SIGN_STYLE = Automatic;
				DEVELOPMENT_TEAM = 9ZD3HB2FW5;
				INFOPLIST_FILE = MonBaluchonApp/Info.plist;
				LD_RUNPATH_SEARCH_PATHS = (
					"$(inherited)",
					"@executable_path/Frameworks",
				);
				PRODUCT_BUNDLE_IDENTIFIER = dimitry.MonBaluchonApp;
				PRODUCT_NAME = "$(TARGET_NAME)";
				SWIFT_VERSION = 5.0;
				TARGETED_DEVICE_FAMILY = "1,2";
			};
			name = Debug;
		};
		397B52E626CBB01800407AF7 /* Release */ = {
			isa = XCBuildConfiguration;
			buildSettings = {
				ASSETCATALOG_COMPILER_APPICON_NAME = AppIcon;
				ASSETCATALOG_COMPILER_GLOBAL_ACCENT_COLOR_NAME = AccentColor;
				CODE_SIGN_STYLE = Automatic;
				DEVELOPMENT_TEAM = 9ZD3HB2FW5;
				INFOPLIST_FILE = MonBaluchonApp/Info.plist;
				LD_RUNPATH_SEARCH_PATHS = (
					"$(inherited)",
					"@executable_path/Frameworks",
				);
				PRODUCT_BUNDLE_IDENTIFIER = dimitry.MonBaluchonApp;
				PRODUCT_NAME = "$(TARGET_NAME)";
				SWIFT_VERSION = 5.0;
				TARGETED_DEVICE_FAMILY = "1,2";
			};
			name = Release;
		};
		397B52E826CBB01800407AF7 /* Debug */ = {
			isa = XCBuildConfiguration;
			buildSettings = {
				ALWAYS_EMBED_SWIFT_STANDARD_LIBRARIES = YES;
				BUNDLE_LOADER = "$(TEST_HOST)";
				CODE_SIGN_STYLE = Automatic;
				DEVELOPMENT_TEAM = 9ZD3HB2FW5;
				INFOPLIST_FILE = MonBaluchonAppTests/Info.plist;
				IPHONEOS_DEPLOYMENT_TARGET = 14.5;
				LD_RUNPATH_SEARCH_PATHS = (
					"$(inherited)",
					"@executable_path/Frameworks",
					"@loader_path/Frameworks",
				);
				PRODUCT_BUNDLE_IDENTIFIER = dimitry.MonBaluchonAppTests;
				PRODUCT_NAME = "$(TARGET_NAME)";
				SWIFT_VERSION = 5.0;
				TARGETED_DEVICE_FAMILY = "1,2";
				TEST_HOST = "$(BUILT_PRODUCTS_DIR)/MonBaluchonApp.app/MonBaluchonApp";
			};
			name = Debug;
		};
		397B52E926CBB01800407AF7 /* Release */ = {
			isa = XCBuildConfiguration;
			buildSettings = {
				ALWAYS_EMBED_SWIFT_STANDARD_LIBRARIES = YES;
				BUNDLE_LOADER = "$(TEST_HOST)";
				CODE_SIGN_STYLE = Automatic;
				DEVELOPMENT_TEAM = 9ZD3HB2FW5;
				INFOPLIST_FILE = MonBaluchonAppTests/Info.plist;
				IPHONEOS_DEPLOYMENT_TARGET = 14.5;
				LD_RUNPATH_SEARCH_PATHS = (
					"$(inherited)",
					"@executable_path/Frameworks",
					"@loader_path/Frameworks",
				);
				PRODUCT_BUNDLE_IDENTIFIER = dimitry.MonBaluchonAppTests;
				PRODUCT_NAME = "$(TARGET_NAME)";
				SWIFT_VERSION = 5.0;
				TARGETED_DEVICE_FAMILY = "1,2";
				TEST_HOST = "$(BUILT_PRODUCTS_DIR)/MonBaluchonApp.app/MonBaluchonApp";
			};
			name = Release;
		};
		397B52EB26CBB01800407AF7 /* Debug */ = {
			isa = XCBuildConfiguration;
			buildSettings = {
				ALWAYS_EMBED_SWIFT_STANDARD_LIBRARIES = YES;
				CODE_SIGN_STYLE = Automatic;
				DEVELOPMENT_TEAM = 9ZD3HB2FW5;
				INFOPLIST_FILE = MonBaluchonAppUITests/Info.plist;
				LD_RUNPATH_SEARCH_PATHS = (
					"$(inherited)",
					"@executable_path/Frameworks",
					"@loader_path/Frameworks",
				);
				PRODUCT_BUNDLE_IDENTIFIER = dimitry.MonBaluchonAppUITests;
				PRODUCT_NAME = "$(TARGET_NAME)";
				SWIFT_VERSION = 5.0;
				TARGETED_DEVICE_FAMILY = "1,2";
				TEST_TARGET_NAME = MonBaluchonApp;
			};
			name = Debug;
		};
		397B52EC26CBB01800407AF7 /* Release */ = {
			isa = XCBuildConfiguration;
			buildSettings = {
				ALWAYS_EMBED_SWIFT_STANDARD_LIBRARIES = YES;
				CODE_SIGN_STYLE = Automatic;
				DEVELOPMENT_TEAM = 9ZD3HB2FW5;
				INFOPLIST_FILE = MonBaluchonAppUITests/Info.plist;
				LD_RUNPATH_SEARCH_PATHS = (
					"$(inherited)",
					"@executable_path/Frameworks",
					"@loader_path/Frameworks",
				);
				PRODUCT_BUNDLE_IDENTIFIER = dimitry.MonBaluchonAppUITests;
				PRODUCT_NAME = "$(TARGET_NAME)";
				SWIFT_VERSION = 5.0;
				TARGETED_DEVICE_FAMILY = "1,2";
				TEST_TARGET_NAME = MonBaluchonApp;
			};
			name = Release;
		};
/* End XCBuildConfiguration section */

/* Begin XCConfigurationList section */
		397B52B526CBB01700407AF7 /* Build configuration list for PBXProject "MonBaluchonApp" */ = {
			isa = XCConfigurationList;
			buildConfigurations = (
				397B52E226CBB01800407AF7 /* Debug */,
				397B52E326CBB01800407AF7 /* Release */,
			);
			defaultConfigurationIsVisible = 0;
			defaultConfigurationName = Release;
		};
		397B52E426CBB01800407AF7 /* Build configuration list for PBXNativeTarget "MonBaluchonApp" */ = {
			isa = XCConfigurationList;
			buildConfigurations = (
				397B52E526CBB01800407AF7 /* Debug */,
				397B52E626CBB01800407AF7 /* Release */,
			);
			defaultConfigurationIsVisible = 0;
			defaultConfigurationName = Release;
		};
		397B52E726CBB01800407AF7 /* Build configuration list for PBXNativeTarget "MonBaluchonAppTests" */ = {
			isa = XCConfigurationList;
			buildConfigurations = (
				397B52E826CBB01800407AF7 /* Debug */,
				397B52E926CBB01800407AF7 /* Release */,
			);
			defaultConfigurationIsVisible = 0;
			defaultConfigurationName = Release;
		};
		397B52EA26CBB01800407AF7 /* Build configuration list for PBXNativeTarget "MonBaluchonAppUITests" */ = {
			isa = XCConfigurationList;
			buildConfigurations = (
				397B52EB26CBB01800407AF7 /* Debug */,
				397B52EC26CBB01800407AF7 /* Release */,
			);
			defaultConfigurationIsVisible = 0;
			defaultConfigurationName = Release;
		};
/* End XCConfigurationList section */
	};
	rootObject = 397B52B226CBB01700407AF7 /* Project object */;
}
